{
  "originHash" : "2b81ffb240be12f432327262b1b4ca219a8914772f7e1674407053241e36b6a3",
  "pins" : [
    {
      "identity" : "swift-http-types",
      "kind" : "remoteSourceControl",
      "location" : "https://github.com/apple/swift-http-types",
      "state" : {
        "revision" : "a0a57e949a8903563aba4615869310c0ebf14c03",
        "version" : "1.4.0"
      }
    }
  ],
  "version" : 3
}
