{
  "originHash" : "8cb81be6a370f6be7000bc35610a947c4b7f0576934b8e8da8436fb8f70284b3",
  "pins" : [
    {
      "identity" : "swift-http-types",
      "kind" : "remoteSourceControl",
      "location" : "https://github.com/apple/swift-http-types",
      "state" : {
        "revision" : "a0a57e949a8903563aba4615869310c0ebf14c03",
        "version" : "1.4.0"
      }
    },
    {
      "identity" : "swiftlintplugins",
      "kind" : "remoteSourceControl",
      "location" : "https://github.com/SimplyDanny/SwiftLintPlugins",
      "state" : {
        "revision" : "8545ddf4de043e6f2051c5cf204f39ef778ebf6b",
        "version" : "0.59.1"
      }
    }
  ],
  "version" : 3
}
